
Microsoft Visual Studio Solution File, Format Version 12.00
# Visual Studio Version 16
VisualStudioVersion = 16.0.30717.126
MinimumVisualStudioVersion = 10.0.40219.1
Project("{9A19103F-16F7-4668-BE54-9A1E7A4F7556}") = "ComeiaAspNetCore", "ComeiaAspNetCore\ComeiaAspNetCore.csproj", "{D26ACC82-3DB2-48F0-803C-8ED89FB6421C}"
EndProject
Project("{9A19103F-16F7-4668-BE54-9A1E7A4F7556}") = "Facade", "Facade\Facade.csproj", "{B87F77F6-5994-4939-A0D0-B3D7F7513AF0}"
EndProject
Global
	GlobalSection(SolutionConfigurationPlatforms) = preSolution
		Debug|Any CPU = Debug|Any CPU
		Release|Any CPU = Release|Any CPU
	EndGlobalSection
	GlobalSection(ProjectConfigurationPlatforms) = postSolution
		{D26ACC82-3DB2-48F0-803C-8ED89FB6421C}.Debug|Any CPU.ActiveCfg = Debug|Any CPU
		{D26ACC82-3DB2-48F0-803C-8ED89FB6421C}.Debug|Any CPU.Build.0 = Debug|Any CPU
		{D26ACC82-3DB2-48F0-803C-8ED89FB6421C}.Release|Any CPU.ActiveCfg = Release|Any CPU
		{D26ACC82-3DB2-48F0-803C-8ED89FB6421C}.Release|Any CPU.Build.0 = Release|Any CPU
		{B87F77F6-5994-4939-A0D0-B3D7F7513AF0}.Debug|Any CPU.ActiveCfg = Debug|Any CPU
		{B87F77F6-5994-4939-A0D0-B3D7F7513AF0}.Debug|Any CPU.Build.0 = Debug|Any CPU
		{B87F77F6-5994-4939-A0D0-B3D7F7513AF0}.Release|Any CPU.ActiveCfg = Release|Any CPU
		{B87F77F6-5994-4939-A0D0-B3D7F7513AF0}.Release|Any CPU.Build.0 = Release|Any CPU
	EndGlobalSection
	GlobalSection(SolutionProperties) = preSolution
		HideSolutionNode = FALSE
	EndGlobalSection
	GlobalSection(ExtensibilityGlobals) = postSolution
		SolutionGuid = {E65E0FD9-500F-4165-8530-52602A0897F9}
	EndGlobalSection
EndGlobal
